
Microsoft Visual Studio Solution File, Format Version 12.00
# Visual Studio Version 17
VisualStudioVersion = 17.13.35806.99 d17.13
MinimumVisualStudioVersion = 10.0.40219.1
Project("{FAE04EC0-301F-11D3-BF4B-00C04F79EFBC}") = "WebApplication1", "WebApplication1\WebApplication1.csproj", "{EEAEF477-9211-4958-BFC6-4EB1326A9615}"
EndProject
Global
	GlobalSection(SolutionConfigurationPlatforms) = preSolution
		Debug|Any CPU = Debug|Any CPU
		Release|Any CPU = Release|Any CPU
	EndGlobalSection
	GlobalSection(ProjectConfigurationPlatforms) = postSolution
		{EEAEF477-9211-4958-BFC6-4EB1326A9615}.Debug|Any CPU.ActiveCfg = Debug|Any CPU
		{EEAEF477-9211-4958-BFC6-4EB1326A9615}.Debug|Any CPU.Build.0 = Debug|Any CPU
		{EEAEF477-9211-4958-BFC6-4EB1326A9615}.Release|Any CPU.ActiveCfg = Release|Any CPU
		{EEAEF477-9211-4958-BFC6-4EB1326A9615}.Release|Any CPU.Build.0 = Release|Any CPU
	EndGlobalSection
	GlobalSection(SolutionProperties) = preSolution
		HideSolutionNode = FALSE
	EndGlobalSection
	GlobalSection(ExtensibilityGlobals) = postSolution
		SolutionGuid = {D07027A3-BE83-460D-839C-364DDCE93B99}
	EndGlobalSection
EndGlobal
